// !$*UTF8*$!
{
	archiveVersion = 1;
	classes = {
	};
	objectVersion = 46;
	objects = {

/* Begin PBXBuildFile section */
		A11679811D13AA4D00EDD03B /* AppDelegate.swift in Sources */ = {isa = PBXBuildFile; fileRef = A11679801D13AA4D00EDD03B /* AppDelegate.swift */; };
		A11679831D13AA4D00EDD03B /* ViewController.swift in Sources */ = {isa = PBXBuildFile; fileRef = A11679821D13AA4D00EDD03B /* ViewController.swift */; };
		A11679861D13AA4D00EDD03B /* Main.storyboard in Resources */ = {isa = PBXBuildFile; fileRef = A11679841D13AA4D00EDD03B /* Main.storyboard */; };
		A11679891D13AA4D00EDD03B /* Languagehelper.xcdatamodeld in Sources */ = {isa = PBXBuildFile; fileRef = A11679871D13AA4D00EDD03B /* Languagehelper.xcdatamodeld */; };
		A116798B1D13AA4D00EDD03B /* Assets.xcassets in Resources */ = {isa = PBXBuildFile; fileRef = A116798A1D13AA4D00EDD03B /* Assets.xcassets */; };
		A116798E1D13AA4D00EDD03B /* LaunchScreen.storyboard in Resources */ = {isa = PBXBuildFile; fileRef = A116798C1D13AA4D00EDD03B /* LaunchScreen.storyboard */; };
		A11679991D13AA4D00EDD03B /* LanguagehelperTests.swift in Sources */ = {isa = PBXBuildFile; fileRef = A11679981D13AA4D00EDD03B /* LanguagehelperTests.swift */; };
		A11679A41D13AA4D00EDD03B /* LanguagehelperUITests.swift in Sources */ = {isa = PBXBuildFile; fileRef = A11679A31D13AA4D00EDD03B /* LanguagehelperUITests.swift */; };
/* End PBXBuildFile section */

/* Begin PBXContainerItemProxy section */
		A11679951D13AA4D00EDD03B /* PBXContainerItemProxy */ = {
			isa = PBXContainerItemProxy;
			containerPortal = A11679751D13AA4D00EDD03B /* Project object */;
			proxyType = 1;
			remoteGlobalIDString = A116797C1D13AA4D00EDD03B;
			remoteInfo = Languagehelper;
		};
		A11679A01D13AA4D00EDD03B /* PBXContainerItemProxy */ = {
			isa = PBXContainerItemProxy;
			containerPortal = A11679751D13AA4D00EDD03B /* Project object */;
			proxyType = 1;
			remoteGlobalIDString = A116797C1D13AA4D00EDD03B;
			remoteInfo = Languagehelper;
		};
/* End PBXContainerItemProxy section */

/* Begin PBXFileReference section */
		A116797D1D13AA4D00EDD03B /* Languagehelper.app */ = {isa = PBXFileReference; explicitFileType = wrapper.application; includeInIndex = 0; path = Languagehelper.app; sourceTree = BUILT_PRODUCTS_DIR; };
		A11679801D13AA4D00EDD03B /* AppDelegate.swift */ = {isa = PBXFileReference; lastKnownFileType = sourcecode.swift; path = AppDelegate.swift; sourceTree = "<group>"; };
		A11679821D13AA4D00EDD03B /* ViewController.swift */ = {isa = PBXFileReference; lastKnownFileType = sourcecode.swift; path = ViewController.swift; sourceTree = "<group>"; };
		A11679851D13AA4D00EDD03B /* Base */ = {isa = PBXFileReference; lastKnownFileType = file.storyboard; name = Base; path = Base.lproj/Main.storyboard; sourceTree = "<group>"; };
		A11679881D13AA4D00EDD03B /* Languagehelper.xcdatamodel */ = {isa = PBXFileReference; lastKnownFileType = wrapper.xcdatamodel; path = Languagehelper.xcdatamodel; sourceTree = "<group>"; };
		A116798A1D13AA4D00EDD03B /* Assets.xcassets */ = {isa = PBXFileReference; lastKnownFileType = folder.assetcatalog; path = Assets.xcassets; sourceTree = "<group>"; };
		A116798D1D13AA4D00EDD03B /* Base */ = {isa = PBXFileReference; lastKnownFileType = file.storyboard; name = Base; path = Base.lproj/LaunchScreen.storyboard; sourceTree = "<group>"; };
		A116798F1D13AA4D00EDD03B /* Info.plist */ = {isa = PBXFileReference; lastKnownFileType = text.plist.xml; path = Info.plist; sourceTree = "<group>"; };
		A11679941D13AA4D00EDD03B /* LanguagehelperTests.xctest */ = {isa = PBXFileReference; explicitFileType = wrapper.cfbundle; includeInIndex = 0; path = LanguagehelperTests.xctest; sourceTree = BUILT_PRODUCTS_DIR; };
		A11679981D13AA4D00EDD03B /* LanguagehelperTests.swift */ = {isa = PBXFileReference; lastKnownFileType = sourcecode.swift; path = LanguagehelperTests.swift; sourceTree = "<group>"; };
		A116799A1D13AA4D00EDD03B /* Info.plist */ = {isa = PBXFileReference; lastKnownFileType = text.plist.xml; path = Info.plist; sourceTree = "<group>"; };
		A116799F1D13AA4D00EDD03B /* LanguagehelperUITests.xctest */ = {isa = PBXFileReference; explicitFileType = wrapper.cfbundle; includeInIndex = 0; path = LanguagehelperUITests.xctest; sourceTree = BUILT_PRODUCTS_DIR; };
		A11679A31D13AA4D00EDD03B /* LanguagehelperUITests.swift */ = {isa = PBXFileReference; lastKnownFileType = sourcecode.swift; path = LanguagehelperUITests.swift; sourceTree = "<group>"; };
		A11679A51D13AA4D00EDD03B /* Info.plist */ = {isa = PBXFileReference; lastKnownFileType = text.plist.xml; path = Info.plist; sourceTree = "<group>"; };
/* End PBXFileReference section */

/* Begin PBXFrameworksBuildPhase section */
		A116797A1D13AA4D00EDD03B /* Frameworks */ = {
			isa = PBXFrameworksBuildPhase;
			buildActionMask = 2147483647;
			files = (
			);
			runOnlyForDeploymentPostprocessing = 0;
		};
		A11679911D13AA4D00EDD03B /* Frameworks */ = {
			isa = PBXFrameworksBuildPhase;
			buildActionMask = 2147483647;
			files = (
			);
			runOnlyForDeploymentPostprocessing = 0;
		};
		A116799C1D13AA4D00EDD03B /* Frameworks */ = {
			isa = PBXFrameworksBuildPhase;
			buildActionMask = 2147483647;
			files = (
			);
			runOnlyForDeploymentPostprocessing = 0;
		};
/* End PBXFrameworksBuildPhase section */

/* Begin PBXGroup section */
		A11679741D13AA4D00EDD03B = {
			isa = PBXGroup;
			children = (
				A116797F1D13AA4D00EDD03B /* Languagehelper */,
				A11679971D13AA4D00EDD03B /* LanguagehelperTests */,
				A11679A21D13AA4D00EDD03B /* LanguagehelperUITests */,
				A116797E1D13AA4D00EDD03B /* Products */,
			);
			sourceTree = "<group>";
		};
		A116797E1D13AA4D00EDD03B /* Products */ = {
			isa = PBXGroup;
			children = (
				A116797D1D13AA4D00EDD03B /* Languagehelper.app */,
				A11679941D13AA4D00EDD03B /* LanguagehelperTests.xctest */,
				A116799F1D13AA4D00EDD03B /* LanguagehelperUITests.xctest */,
			);
			name = Products;
			sourceTree = "<group>";
		};
		A116797F1D13AA4D00EDD03B /* Languagehelper */ = {
			isa = PBXGroup;
			children = (
				A11679801D13AA4D00EDD03B /* AppDelegate.swift */,
				A11679821D13AA4D00EDD03B /* ViewController.swift */,
				A11679841D13AA4D00EDD03B /* Main.storyboard */,
				A116798A1D13AA4D00EDD03B /* Assets.xcassets */,
				A116798C1D13AA4D00EDD03B /* LaunchScreen.storyboard */,
				A116798F1D13AA4D00EDD03B /* Info.plist */,
				A11679871D13AA4D00EDD03B /* Languagehelper.xcdatamodeld */,
			);
			path = Languagehelper;
			sourceTree = "<group>";
		};
		A11679971D13AA4D00EDD03B /* LanguagehelperTests */ = {
			isa = PBXGroup;
			children = (
				A11679981D13AA4D00EDD03B /* LanguagehelperTests.swift */,
				A116799A1D13AA4D00EDD03B /* Info.plist */,
			);
			path = LanguagehelperTests;
			sourceTree = "<group>";
		};
		A11679A21D13AA4D00EDD03B /* LanguagehelperUITests */ = {
			isa = PBXGroup;
			children = (
				A11679A31D13AA4D00EDD03B /* LanguagehelperUITests.swift */,
				A11679A51D13AA4D00EDD03B /* Info.plist */,
			);
			path = LanguagehelperUITests;
			sourceTree = "<group>";
		};
/* End PBXGroup section */

/* Begin PBXNativeTarget section */
		A116797C1D13AA4D00EDD03B /* Languagehelper */ = {
			isa = PBXNativeTarget;
			buildConfigurationList = A11679A81D13AA4D00EDD03B /* Build configuration list for PBXNativeTarget "Languagehelper" */;
			buildPhases = (
				A11679791D13AA4D00EDD03B /* Sources */,
				A116797A1D13AA4D00EDD03B /* Frameworks */,
				A116797B1D13AA4D00EDD03B /* Resources */,
			);
			buildRules = (
			);
			dependencies = (
			);
			name = Languagehelper;
			productName = Languagehelper;
			productReference = A116797D1D13AA4D00EDD03B /* Languagehelper.app */;
			productType = "com.apple.product-type.application";
		};
		A11679931D13AA4D00EDD03B /* LanguagehelperTests */ = {
			isa = PBXNativeTarget;
			buildConfigurationList = A11679AB1D13AA4D00EDD03B /* Build configuration list for PBXNativeTarget "LanguagehelperTests" */;
			buildPhases = (
				A11679901D13AA4D00EDD03B /* Sources */,
				A11679911D13AA4D00EDD03B /* Frameworks */,
				A11679921D13AA4D00EDD03B /* Resources */,
			);
			buildRules = (
			);
			dependencies = (
				A11679961D13AA4D00EDD03B /* PBXTargetDependency */,
			);
			name = LanguagehelperTests;
			productName = LanguagehelperTests;
			productReference = A11679941D13AA4D00EDD03B /* LanguagehelperTests.xctest */;
			productType = "com.apple.product-type.bundle.unit-test";
		};
		A116799E1D13AA4D00EDD03B /* LanguagehelperUITests */ = {
			isa = PBXNativeTarget;
			buildConfigurationList = A11679AE1D13AA4D00EDD03B /* Build configuration list for PBXNativeTarget "LanguagehelperUITests" */;
			buildPhases = (
				A116799B1D13AA4D00EDD03B /* Sources */,
				A116799C1D13AA4D00EDD03B /* Frameworks */,
				A116799D1D13AA4D00EDD03B /* Resources */,
			);
			buildRules = (
			);
			dependencies = (
				A11679A11D13AA4D00EDD03B /* PBXTargetDependency */,
			);
			name = LanguagehelperUITests;
			productName = LanguagehelperUITests;
			productReference = A116799F1D13AA4D00EDD03B /* LanguagehelperUITests.xctest */;
			productType = "com.apple.product-type.bundle.ui-testing";
		};
/* End PBXNativeTarget section */

/* Begin PBXProject section */
		A11679751D13AA4D00EDD03B /* Project object */ = {
			isa = PBXProject;
			attributes = {
				LastSwiftUpdateCheck = 0730;
				LastUpgradeCheck = 0730;
				ORGANIZATIONNAME = luli;
				TargetAttributes = {
					A116797C1D13AA4D00EDD03B = {
						CreatedOnToolsVersion = 7.3.1;
					};
					A11679931D13AA4D00EDD03B = {
						CreatedOnToolsVersion = 7.3.1;
						TestTargetID = A116797C1D13AA4D00EDD03B;
					};
					A116799E1D13AA4D00EDD03B = {
						CreatedOnToolsVersion = 7.3.1;
						TestTargetID = A116797C1D13AA4D00EDD03B;
					};
				};
			};
			buildConfigurationList = A11679781D13AA4D00EDD03B /* Build configuration list for PBXProject "Languagehelper" */;
			compatibilityVersion = "Xcode 3.2";
			developmentRegion = English;
			hasScannedForEncodings = 0;
			knownRegions = (
				en,
				Base,
			);
			mainGroup = A11679741D13AA4D00EDD03B;
			productRefGroup = A116797E1D13AA4D00EDD03B /* Products */;
			projectDirPath = "";
			projectRoot = "";
			targets = (
				A116797C1D13AA4D00EDD03B /* Languagehelper */,
				A11679931D13AA4D00EDD03B /* LanguagehelperTests */,
				A116799E1D13AA4D00EDD03B /* LanguagehelperUITests */,
			);
		};
/* End PBXProject section */

/* Begin PBXResourcesBuildPhase section */
		A116797B1D13AA4D00EDD03B /* Resources */ = {
			isa = PBXResourcesBuildPhase;
			buildActionMask = 2147483647;
			files = (
				A116798E1D13AA4D00EDD03B /* LaunchScreen.storyboard in Resources */,
				A116798B1D13AA4D00EDD03B /* Assets.xcassets in Resources */,
				A11679861D13AA4D00EDD03B /* Main.storyboard in Resources */,
			);
			runOnlyForDeploymentPostprocessing = 0;
		};
		A11679921D13AA4D00EDD03B /* Resources */ = {
			isa = PBXResourcesBuildPhase;
			buildActionMask = 2147483647;
			files = (
			);
			runOnlyForDeploymentPostprocessing = 0;
		};
		A116799D1D13AA4D00EDD03B /* Resources */ = {
			isa = PBXResourcesBuildPhase;
			buildActionMask = 2147483647;
			files = (
			);
			runOnlyForDeploymentPostprocessing = 0;
		};
/* End PBXResourcesBuildPhase section */

/* Begin PBXSourcesBuildPhase section */
		A11679791D13AA4D00EDD03B /* Sources */ = {
			isa = PBXSourcesBuildPhase;
			buildActionMask = 2147483647;
			files = (
				A11679891D13AA4D00EDD03B /* Languagehelper.xcdatamodeld in Sources */,
				A11679831D13AA4D00EDD03B /* ViewController.swift in Sources */,
				A11679811D13AA4D00EDD03B /* AppDelegate.swift in Sources */,
			);
			runOnlyForDeploymentPostprocessing = 0;
		};
		A11679901D13AA4D00EDD03B /* Sources */ = {
			isa = PBXSourcesBuildPhase;
			buildActionMask = 2147483647;
			files = (
				A11679991D13AA4D00EDD03B /* LanguagehelperTests.swift in Sources */,
			);
			runOnlyForDeploymentPostprocessing = 0;
		};
		A116799B1D13AA4D00EDD03B /* Sources */ = {
			isa = PBXSourcesBuildPhase;
			buildActionMask = 2147483647;
			files = (
				A11679A41D13AA4D00EDD03B /* LanguagehelperUITests.swift in Sources */,
			);
			runOnlyForDeploymentPostprocessing = 0;
		};
/* End PBXSourcesBuildPhase section */

/* Begin PBXTargetDependency section */
		A11679961D13AA4D00EDD03B /* PBXTargetDependency */ = {
			isa = PBXTargetDependency;
			target = A116797C1D13AA4D00EDD03B /* Languagehelper */;
			targetProxy = A11679951D13AA4D00EDD03B /* PBXContainerItemProxy */;
		};
		A11679A11D13AA4D00EDD03B /* PBXTargetDependency */ = {
			isa = PBXTargetDependency;
			target = A116797C1D13AA4D00EDD03B /* Languagehelper */;
			targetProxy = A11679A01D13AA4D00EDD03B /* PBXContainerItemProxy */;
		};
/* End PBXTargetDependency section */

/* Begin PBXVariantGroup section */
		A11679841D13AA4D00EDD03B /* Main.storyboard */ = {
			isa = PBXVariantGroup;
			children = (
				A11679851D13AA4D00EDD03B /* Base */,
			);
			name = Main.storyboard;
			sourceTree = "<group>";
		};
		A116798C1D13AA4D00EDD03B /* LaunchScreen.storyboard */ = {
			isa = PBXVariantGroup;
			children = (
				A116798D1D13AA4D00EDD03B /* Base */,
			);
			name = LaunchScreen.storyboard;
			sourceTree = "<group>";
		};
/* End PBXVariantGroup section */

/* Begin XCBuildConfiguration section */
		A11679A61D13AA4D00EDD03B /* Debug */ = {
			isa = XCBuildConfiguration;
			buildSettings = {
				ALWAYS_SEARCH_USER_PATHS = NO;
				CLANG_ANALYZER_NONNULL = YES;
				CLANG_CXX_LANGUAGE_STANDARD = "gnu++0x";
				CLANG_CXX_LIBRARY = "libc++";
				CLANG_ENABLE_MODULES = YES;
				CLANG_ENABLE_OBJC_ARC = YES;
				CLANG_WARN_BOOL_CONVERSION = YES;
				CLANG_WARN_CONSTANT_CONVERSION = YES;
				CLANG_WARN_DIRECT_OBJC_ISA_USAGE = YES_ERROR;
				CLANG_WARN_EMPTY_BODY = YES;
				CLANG_WARN_ENUM_CONVERSION = YES;
				CLANG_WARN_INT_CONVERSION = YES;
				CLANG_WARN_OBJC_ROOT_CLASS = YES_ERROR;
				CLANG_WARN_UNREACHABLE_CODE = YES;
				CLANG_WARN__DUPLICATE_METHOD_MATCH = YES;
				"CODE_SIGN_IDENTITY[sdk=iphoneos*]" = "iPhone Developer";
				COPY_PHASE_STRIP = NO;
				DEBUG_INFORMATION_FORMAT = dwarf;
				ENABLE_STRICT_OBJC_MSGSEND = YES;
				ENABLE_TESTABILITY = YES;
				GCC_C_LANGUAGE_STANDARD = gnu99;
				GCC_DYNAMIC_NO_PIC = NO;
				GCC_NO_COMMON_BLOCKS = YES;
				GCC_OPTIMIZATION_LEVEL = 0;
				GCC_PREPROCESSOR_DEFINITIONS = (
					"DEBUG=1",
					"$(inherited)",
				);
				GCC_WARN_64_TO_32_BIT_CONVERSION = YES;
				GCC_WARN_ABOUT_RETURN_TYPE = YES_ERROR;
				GCC_WARN_UNDECLARED_SELECTOR = YES;
				GCC_WARN_UNINITIALIZED_AUTOS = YES_AGGRESSIVE;
				GCC_WARN_UNUSED_FUNCTION = YES;
				GCC_WARN_UNUSED_VARIABLE = YES;
				IPHONEOS_DEPLOYMENT_TARGET = 9.3;
				MTL_ENABLE_DEBUG_INFO = YES;
				ONLY_ACTIVE_ARCH = YES;
				SDKROOT = iphoneos;
				SWIFT_OPTIMIZATION_LEVEL = "-Onone";
			};
			name = Debug;
		};
		A11679A71D13AA4D00EDD03B /* Release */ = {
			isa = XCBuildConfiguration;
			buildSettings = {
				ALWAYS_SEARCH_USER_PATHS = NO;
				CLANG_ANALYZER_NONNULL = YES;
				CLANG_CXX_LANGUAGE_STANDARD = "gnu++0x";
				CLANG_CXX_LIBRARY = "libc++";
				CLANG_ENABLE_MODULES = YES;
				CLANG_ENABLE_OBJC_ARC = YES;
				CLANG_WARN_BOOL_CONVERSION = YES;
				CLANG_WARN_CONSTANT_CONVERSION = YES;
				CLANG_WARN_DIRECT_OBJC_ISA_USAGE = YES_ERROR;
				CLANG_WARN_EMPTY_BODY = YES;
				CLANG_WARN_ENUM_CONVERSION = YES;
				CLANG_WARN_INT_CONVERSION = YES;
				CLANG_WARN_OBJC_ROOT_CLASS = YES_ERROR;
				CLANG_WARN_UNREACHABLE_CODE = YES;
				CLANG_WARN__DUPLICATE_METHOD_MATCH = YES;
				"CODE_SIGN_IDENTITY[sdk=iphoneos*]" = "iPhone Developer";
				COPY_PHASE_STRIP = NO;
				DEBUG_INFORMATION_FORMAT = "dwarf-with-dsym";
				ENABLE_NS_ASSERTIONS = NO;
				ENABLE_STRICT_OBJC_MSGSEND = YES;
				GCC_C_LANGUAGE_STANDARD = gnu99;
				GCC_NO_COMMON_BLOCKS = YES;
				GCC_WARN_64_TO_32_BIT_CONVERSION = YES;
				GCC_WARN_ABOUT_RETURN_TYPE = YES_ERROR;
				GCC_WARN_UNDECLARED_SELECTOR = YES;
				GCC_WARN_UNINITIALIZED_AUTOS = YES_AGGRESSIVE;
				GCC_WARN_UNUSED_FUNCTION = YES;
				GCC_WARN_UNUSED_VARIABLE = YES;
				IPHONEOS_DEPLOYMENT_TARGET = 9.3;
				MTL_ENABLE_DEBUG_INFO = NO;
				SDKROOT = iphoneos;
				VALIDATE_PRODUCT = YES;
			};
			name = Release;
		};
		A11679A91D13AA4D00EDD03B /* Debug */ = {
			isa = XCBuildConfiguration;
			buildSettings = {
				ASSETCATALOG_COMPILER_APPICON_NAME = AppIcon;
				INFOPLIST_FILE = Languagehelper/Info.plist;
				LD_RUNPATH_SEARCH_PATHS = "$(inherited) @executable_path/Frameworks";
				PRODUCT_BUNDLE_IDENTIFIER = com.messi.Languagehelper;
				PRODUCT_NAME = "$(TARGET_NAME)";
			};
			name = Debug;
		};
		A11679AA1D13AA4D00EDD03B /* Release */ = {
			isa = XCBuildConfiguration;
			buildSettings = {
				ASSETCATALOG_COMPILER_APPICON_NAME = AppIcon;
				INFOPLIST_FILE = Languagehelper/Info.plist;
				LD_RUNPATH_SEARCH_PATHS = "$(inherited) @executable_path/Frameworks";
				PRODUCT_BUNDLE_IDENTIFIER = com.messi.Languagehelper;
				PRODUCT_NAME = "$(TARGET_NAME)";
			};
			name = Release;
		};
		A11679AC1D13AA4D00EDD03B /* Debug */ = {
			isa = XCBuildConfiguration;
			buildSettings = {
				BUNDLE_LOADER = "$(TEST_HOST)";
				INFOPLIST_FILE = LanguagehelperTests/Info.plist;
				LD_RUNPATH_SEARCH_PATHS = "$(inherited) @executable_path/Frameworks @loader_path/Frameworks";
				PRODUCT_BUNDLE_IDENTIFIER = com.messi.LanguagehelperTests;
				PRODUCT_NAME = "$(TARGET_NAME)";
				TEST_HOST = "$(BUILT_PRODUCTS_DIR)/Languagehelper.app/Languagehelper";
			};
			name = Debug;
		};
		A11679AD1D13AA4D00EDD03B /* Release */ = {
			isa = XCBuildConfiguration;
			buildSettings = {
				BUNDLE_LOADER = "$(TEST_HOST)";
				INFOPLIST_FILE = LanguagehelperTests/Info.plist;
				LD_RUNPATH_SEARCH_PATHS = "$(inherited) @executable_path/Frameworks @loader_path/Frameworks";
				PRODUCT_BUNDLE_IDENTIFIER = com.messi.LanguagehelperTests;
				PRODUCT_NAME = "$(TARGET_NAME)";
				TEST_HOST = "$(BUILT_PRODUCTS_DIR)/Languagehelper.app/Languagehelper";
			};
			name = Release;
		};
		A11679AF1D13AA4D00EDD03B /* Debug */ = {
			isa = XCBuildConfiguration;
			buildSettings = {
				INFOPLIST_FILE = LanguagehelperUITests/Info.plist;
				LD_RUNPATH_SEARCH_PATHS = "$(inherited) @executable_path/Frameworks @loader_path/Frameworks";
				PRODUCT_BUNDLE_IDENTIFIER = com.messi.LanguagehelperUITests;
				PRODUCT_NAME = "$(TARGET_NAME)";
				TEST_TARGET_NAME = Languagehelper;
			};
			name = Debug;
		};
		A11679B01D13AA4D00EDD03B /* Release */ = {
			isa = XCBuildConfiguration;
			buildSettings = {
				INFOPLIST_FILE = LanguagehelperUITests/Info.plist;
				LD_RUNPATH_SEARCH_PATHS = "$(inherited) @executable_path/Frameworks @loader_path/Frameworks";
				PRODUCT_BUNDLE_IDENTIFIER = com.messi.LanguagehelperUITests;
				PRODUCT_NAME = "$(TARGET_NAME)";
				TEST_TARGET_NAME = Languagehelper;
			};
			name = Release;
		};
/* End XCBuildConfiguration section */

/* Begin XCConfigurationList section */
		A11679781D13AA4D00EDD03B /* Build configuration list for PBXProject "Languagehelper" */ = {
			isa = XCConfigurationList;
			buildConfigurations = (
				A11679A61D13AA4D00EDD03B /* Debug */,
				A11679A71D13AA4D00EDD03B /* Release */,
			);
			defaultConfigurationIsVisible = 0;
			defaultConfigurationName = Release;
		};
		A11679A81D13AA4D00EDD03B /* Build configuration list for PBXNativeTarget "Languagehelper" */ = {
			isa = XCConfigurationList;
			buildConfigurations = (
				A11679A91D13AA4D00EDD03B /* Debug */,
				A11679AA1D13AA4D00EDD03B /* Release */,
			);
			defaultConfigurationIsVisible = 0;
		};
		A11679AB1D13AA4D00EDD03B /* Build configuration list for PBXNativeTarget "LanguagehelperTests" */ = {
			isa = XCConfigurationList;
			buildConfigurations = (
				A11679AC1D13AA4D00EDD03B /* Debug */,
				A11679AD1D13AA4D00EDD03B /* Release */,
			);
			defaultConfigurationIsVisible = 0;
		};
		A11679AE1D13AA4D00EDD03B /* Build configuration list for PBXNativeTarget "LanguagehelperUITests" */ = {
			isa = XCConfigurationList;
			buildConfigurations = (
				A11679AF1D13AA4D00EDD03B /* Debug */,
				A11679B01D13AA4D00EDD03B /* Release */,
			);
			defaultConfigurationIsVisible = 0;
		};
/* End XCConfigurationList section */

/* Begin XCVersionGroup section */
		A11679871D13AA4D00EDD03B /* Languagehelper.xcdatamodeld */ = {
			isa = XCVersionGroup;
			children = (
				A11679881D13AA4D00EDD03B /* Languagehelper.xcdatamodel */,
			);
			currentVersion = A11679881D13AA4D00EDD03B /* Languagehelper.xcdatamodel */;
			path = Languagehelper.xcdatamodeld;
			sourceTree = "<group>";
			versionGroupType = wrapper.xcdatamodel;
		};
/* End XCVersionGroup section */
	};
	rootObject = A11679751D13AA4D00EDD03B /* Project object */;
}
